<?xml version="1.0" encoding="utf-8"?>
<Project ToolsVersion="4.0" xmlns="http://schemas.microsoft.com/developer/msbuild/2003">
  <ItemGroup>
    <Filter Include="Rendering">
      <UniqueIdentifier>{55cf3642-ecf5-4813-9d53-b25bb805862a}</UniqueIdentifier>
    </Filter>
    <Filter Include="Core">
      <UniqueIdentifier>{f0c4a60c-fb58-4066-a7c9-34397748b747}</UniqueIdentifier>
    </Filter>
    <Filter Include="opengl-tutorials-org">
      <UniqueIdentifier>{ceb32023-df9f-4b71-a88e-a2f572a4a780}</UniqueIdentifier>
    </Filter>
    <Filter Include="Components">
      <UniqueIdentifier>{bbf5c3f3-5664-44c4-b609-9c17c3ea54be}</UniqueIdentifier>
    </Filter>
    <Filter Include="Scene">
      <UniqueIdentifier>{6d255fb9-e618-4594-b5ff-d7f6c481332f}</UniqueIdentifier>
    </Filter>
    <Filter Include="Resource Management">
      <UniqueIdentifier>{ab011cb1-799b-4abd-a115-a1e257dc5bff}</UniqueIdentifier>
    </Filter>
    <Filter Include="Audio">
      <UniqueIdentifier>{7871cf1b-3af1-45f0-a542-8627b1337aca}</UniqueIdentifier>
    </Filter>
    <Filter Include="Scripting">
      <UniqueIdentifier>{b4bee87d-4f4b-4998-bea0-b0aa7f6e76b8}</UniqueIdentifier>
    </Filter>
    <Filter Include="Core\Exceptions">
      <UniqueIdentifier>{e8f04e45-c237-425a-997f-2d58f0c1fca7}</UniqueIdentifier>
    </Filter>
  </ItemGroup>
  <ItemGroup>
    <ClInclude Include="shader.hpp">
      <Filter>opengl-tutorials-org</Filter>
    </ClInclude>
    <ClInclude Include="AbstractRenderer.h">
      <Filter>Rendering</Filter>
    </ClInclude>
    <ClInclude Include="Primitive.h">
      <Filter>Rendering</Filter>
    </ClInclude>
    <ClInclude Include="Model.h">
      <Filter>Rendering</Filter>
    </ClInclude>
    <ClInclude Include="LogManager.h">
      <Filter>Core</Filter>
    </ClInclude>
    <ClInclude Include="HardwareClock.h">
      <Filter>Core</Filter>
    </ClInclude>
    <ClInclude Include="DWIngine.h">
      <Filter>Core</Filter>
    </ClInclude>
    <ClInclude Include="objloader.hpp">
      <Filter>opengl-tutorials-org</Filter>
    </ClInclude>
    <ClInclude Include="Component.h">
      <Filter>Components</Filter>
    </ClInclude>
    <ClInclude Include="GameObject.h">
      <Filter>Scene</Filter>
    </ClInclude>
    <ClInclude Include="App.h">
      <Filter>Core</Filter>
    </ClInclude>
    <ClInclude Include="Mesh.h">
      <Filter>Components</Filter>
    </ClInclude>
    <ClInclude Include="Transform.h">
      <Filter>Components</Filter>
    </ClInclude>
    <ClInclude Include="MeshManager.h">
      <Filter>Components</Filter>
    </ClInclude>
    <ClInclude Include="Scene.h">
      <Filter>Scene</Filter>
    </ClInclude>
    <ClInclude Include="Material.h">
      <Filter>Resource Management</Filter>
    </ClInclude>
    <ClInclude Include="DWMath.h">
      <Filter>Core</Filter>
    </ClInclude>
    <ClInclude Include="ComponentManager.h">
      <Filter>Components</Filter>
    </ClInclude>
    <ClInclude Include="MeshData.h">
      <Filter>Resource Management</Filter>
    </ClInclude>
    <ClInclude Include="TextData.h">
      <Filter>Resource Management</Filter>
    </ClInclude>
    <ClInclude Include="TextureData.h">
      <Filter>Resource Management</Filter>
    </ClInclude>
    <ClInclude Include="ResourceManager.h">
      <Filter>Resource Management</Filter>
    </ClInclude>
    <ClInclude Include="DWResource.h">
      <Filter>Resource Management</Filter>
    </ClInclude>
    <ClInclude Include="ObjectCouldNotBeCreatedException.h">
      <Filter>Core\Exceptions</Filter>
    </ClInclude>
    <ClInclude Include="OpenGL33Renderer.h">
      <Filter>Rendering</Filter>
    </ClInclude>
    <ClInclude Include="Input.h">
      <Filter>Core</Filter>
    </ClInclude>
  </ItemGroup>
  <ItemGroup>
    <ClCompile Include="shader.cpp">
      <Filter>opengl-tutorials-org</Filter>
    </ClCompile>
    <ClCompile Include="AbstractRenderer.cpp">
      <Filter>Rendering</Filter>
    </ClCompile>
    <ClCompile Include="Model.cpp">
      <Filter>Rendering</Filter>
    </ClCompile>
    <ClCompile Include="Primitive.cpp">
      <Filter>Rendering</Filter>
    </ClCompile>
    <ClCompile Include="LogManager.cpp">
      <Filter>Core</Filter>
    </ClCompile>
    <ClCompile Include="HardwareClock.cpp">
      <Filter>Core</Filter>
    </ClCompile>
    <ClCompile Include="DWIngine.cpp">
      <Filter>Core</Filter>
    </ClCompile>
    <ClCompile Include="objloader.cpp">
      <Filter>opengl-tutorials-org</Filter>
    </ClCompile>
    <ClCompile Include="Component.cpp">
      <Filter>Components</Filter>
    </ClCompile>
    <ClCompile Include="GameObject.cpp">
      <Filter>Scene</Filter>
    </ClCompile>
    <ClCompile Include="App.cpp">
      <Filter>Core</Filter>
    </ClCompile>
    <ClCompile Include="Mesh.cpp">
      <Filter>Components</Filter>
    </ClCompile>
    <ClCompile Include="Transform.cpp">
      <Filter>Components</Filter>
    </ClCompile>
    <ClCompile Include="MeshManager.cpp">
      <Filter>Components</Filter>
    </ClCompile>
    <ClCompile Include="Scene.cpp">
      <Filter>Scene</Filter>
    </ClCompile>
    <ClCompile Include="Material.cpp">
      <Filter>Resource Management</Filter>
    </ClCompile>
    <ClCompile Include="ComponentManager.cpp">
      <Filter>Components</Filter>
    </ClCompile>
    <ClCompile Include="MeshData.cpp">
      <Filter>Resource Management</Filter>
    </ClCompile>
    <ClCompile Include="TextData.cpp">
      <Filter>Resource Management</Filter>
    </ClCompile>
    <ClCompile Include="TextureData.cpp">
      <Filter>Resource Management</Filter>
    </ClCompile>
    <ClCompile Include="ResourceManager.cpp">
      <Filter>Resource Management</Filter>
    </ClCompile>
    <ClCompile Include="DWResource.cpp">
      <Filter>Resource Management</Filter>
    </ClCompile>
    <ClCompile Include="ObjectCouldNotBeCreatedException.cpp">
      <Filter>Core\Exceptions</Filter>
    </ClCompile>
    <ClCompile Include="OpenGL33Renderer.cpp">
      <Filter>Rendering</Filter>
    </ClCompile>
    <ClCompile Include="Input.cpp">
      <Filter>Core</Filter>
    </ClCompile>
  </ItemGroup>
</Project>